
Microsoft Visual Studio Solution File, Format Version 12.00
# Visual Studio Version 17
VisualStudioVersion = 17.0.31717.71
MinimumVisualStudioVersion = 10.0.40219.1
Project("{9A19103F-16F7-4668-BE54-9A1E7A4F7556}") = "ICTAZEvoting", "ICTAZEvoting.csproj", "{D27C3901-58F4-4858-870A-9088C5974E9B}"
EndProject
Global
	GlobalSection(SolutionConfigurationPlatforms) = preSolution
		Debug|Any CPU = Debug|Any CPU
		Release|Any CPU = Release|Any CPU
	EndGlobalSection
	GlobalSection(ProjectConfigurationPlatforms) = postSolution
		{D27C3901-58F4-4858-870A-9088C5974E9B}.Debug|Any CPU.ActiveCfg = Debug|Any CPU
		{D27C3901-58F4-4858-870A-9088C5974E9B}.Debug|Any CPU.Build.0 = Debug|Any CPU
		{D27C3901-58F4-4858-870A-9088C5974E9B}.Release|Any CPU.ActiveCfg = Release|Any CPU
		{D27C3901-58F4-4858-870A-9088C5974E9B}.Release|Any CPU.Build.0 = Release|Any CPU
	EndGlobalSection
	GlobalSection(SolutionProperties) = preSolution
		HideSolutionNode = FALSE
	EndGlobalSection
	GlobalSection(ExtensibilityGlobals) = postSolution
		SolutionGuid = {98EAD65F-96AF-4D4B-8A6E-72C623957BB7}
	EndGlobalSection
EndGlobal