
Microsoft Visual Studio Solution File, Format Version 12.00
# Visual Studio Version 17
VisualStudioVersion = 17.1.32421.90
MinimumVisualStudioVersion = 10.0.40219.1
Project("{2150E333-8FDC-42A3-9474-1A3956D46DE8}") = "Shared", "Shared", "{AEE1963D-143C-43C1-8BE4-531EF48AB90C}"
EndProject
Project("{2150E333-8FDC-42A3-9474-1A3956D46DE8}") = "Core", "Core", "{8D8830AA-6547-422E-9E23-A3FC354B99C2}"
EndProject
Project("{2150E333-8FDC-42A3-9474-1A3956D46DE8}") = "Api", "Api", "{12C9F872-CED0-4A5C-8626-715B3A3E1B31}"
EndProject
Project("{2150E333-8FDC-42A3-9474-1A3956D46DE8}") = "Client", "Client", "{081B6AC6-0D36-44A3-981E-F28B2CD534B1}"
EndProject
Project("{9A19103F-16F7-4668-BE54-9A1E7A4F7556}") = "ICTAZEVoting.Shared", "Shared\ICTAZEvoting.Shared\ICTAZEVoting.Shared.csproj", "{799ABAF5-A1D4-4FF1-9DCD-9DE6EE4C727A}"
EndProject
Project("{9A19103F-16F7-4668-BE54-9A1E7A4F7556}") = "ICTAZEVoting.Core", "Core\ICTAZEVoting.Core\ICTAZEVoting.Core.csproj", "{21450128-6F8F-4DA5-A83E-10678684B0D3}"
EndProject
Project("{9A19103F-16F7-4668-BE54-9A1E7A4F7556}") = "ICTAZEVoting.Api", "Api\ICTAZEVoting.Api\ICTAZEVoting.Api.csproj", "{E78C9AA8-F268-4EC4-A51A-B4BC914C883A}"
EndProject
Project("{9A19103F-16F7-4668-BE54-9A1E7A4F7556}") = "ICTAZEvoting", "Client\ICTAZEvoting\ICTAZEvoting.csproj", "{A746765C-81A0-4946-8470-EE6BBC76E9B6}"
EndProject
Project("{9A19103F-16F7-4668-BE54-9A1E7A4F7556}") = "ICTAZEVoting.BlockChain", "BlockChain\ICTAZEVoting.BlockChain\ICTAZEVoting.BlockChain.csproj", "{D352D6D0-A696-4DEB-A9C7-C6C4C3461991}"
EndProject
Project("{9A19103F-16F7-4668-BE54-9A1E7A4F7556}") = "ICTAZEVoting.Test", "Tests\ICTAZEVoting.Test\ICTAZEVoting.Test.csproj", "{11369AE2-5729-4CCD-96E0-86470794EB4D}"
EndProject
Project("{2150E333-8FDC-42A3-9474-1A3956D46DE8}") = "Tests", "Tests", "{95B185C4-EF7D-4945-94B7-A563B356CBAD}"
EndProject
Project("{FAE04EC0-301F-11D3-BF4B-00C04F79EFBC}") = "ICTAZEVoting.Console", "Tests\ICTAZEVoting.Console\ICTAZEVoting.Console.csproj", "{5060D529-2D66-4DF2-8342-44398B56292B}"
EndProject
Global
	GlobalSection(SolutionConfigurationPlatforms) = preSolution
		Debug|Any CPU = Debug|Any CPU
		Release|Any CPU = Release|Any CPU
	EndGlobalSection
	GlobalSection(ProjectConfigurationPlatforms) = postSolution
		{799ABAF5-A1D4-4FF1-9DCD-9DE6EE4C727A}.Debug|Any CPU.ActiveCfg = Debug|Any CPU
		{799ABAF5-A1D4-4FF1-9DCD-9DE6EE4C727A}.Debug|Any CPU.Build.0 = Debug|Any CPU
		{799ABAF5-A1D4-4FF1-9DCD-9DE6EE4C727A}.Release|Any CPU.ActiveCfg = Release|Any CPU
		{799ABAF5-A1D4-4FF1-9DCD-9DE6EE4C727A}.Release|Any CPU.Build.0 = Release|Any CPU
		{21450128-6F8F-4DA5-A83E-10678684B0D3}.Debug|Any CPU.ActiveCfg = Debug|Any CPU
		{21450128-6F8F-4DA5-A83E-10678684B0D3}.Debug|Any CPU.Build.0 = Debug|Any CPU
		{21450128-6F8F-4DA5-A83E-10678684B0D3}.Release|Any CPU.ActiveCfg = Release|Any CPU
		{21450128-6F8F-4DA5-A83E-10678684B0D3}.Release|Any CPU.Build.0 = Release|Any CPU
		{E78C9AA8-F268-4EC4-A51A-B4BC914C883A}.Debug|Any CPU.ActiveCfg = Debug|Any CPU
		{E78C9AA8-F268-4EC4-A51A-B4BC914C883A}.Debug|Any CPU.Build.0 = Debug|Any CPU
		{E78C9AA8-F268-4EC4-A51A-B4BC914C883A}.Release|Any CPU.ActiveCfg = Release|Any CPU
		{E78C9AA8-F268-4EC4-A51A-B4BC914C883A}.Release|Any CPU.Build.0 = Release|Any CPU
		{A746765C-81A0-4946-8470-EE6BBC76E9B6}.Debug|Any CPU.ActiveCfg = Debug|Any CPU
		{A746765C-81A0-4946-8470-EE6BBC76E9B6}.Debug|Any CPU.Build.0 = Debug|Any CPU
		{A746765C-81A0-4946-8470-EE6BBC76E9B6}.Release|Any CPU.ActiveCfg = Release|Any CPU
		{A746765C-81A0-4946-8470-EE6BBC76E9B6}.Release|Any CPU.Build.0 = Release|Any CPU
		{D352D6D0-A696-4DEB-A9C7-C6C4C3461991}.Debug|Any CPU.ActiveCfg = Debug|Any CPU
		{D352D6D0-A696-4DEB-A9C7-C6C4C3461991}.Debug|Any CPU.Build.0 = Debug|Any CPU
		{D352D6D0-A696-4DEB-A9C7-C6C4C3461991}.Release|Any CPU.ActiveCfg = Release|Any CPU
		{D352D6D0-A696-4DEB-A9C7-C6C4C3461991}.Release|Any CPU.Build.0 = Release|Any CPU
		{11369AE2-5729-4CCD-96E0-86470794EB4D}.Debug|Any CPU.ActiveCfg = Debug|Any CPU
		{11369AE2-5729-4CCD-96E0-86470794EB4D}.Debug|Any CPU.Build.0 = Debug|Any CPU
		{11369AE2-5729-4CCD-96E0-86470794EB4D}.Release|Any CPU.ActiveCfg = Release|Any CPU
		{11369AE2-5729-4CCD-96E0-86470794EB4D}.Release|Any CPU.Build.0 = Release|Any CPU
		{5060D529-2D66-4DF2-8342-44398B56292B}.Debug|Any CPU.ActiveCfg = Debug|Any CPU
		{5060D529-2D66-4DF2-8342-44398B56292B}.Debug|Any CPU.Build.0 = Debug|Any CPU
		{5060D529-2D66-4DF2-8342-44398B56292B}.Release|Any CPU.ActiveCfg = Release|Any CPU
		{5060D529-2D66-4DF2-8342-44398B56292B}.Release|Any CPU.Build.0 = Release|Any CPU
	EndGlobalSection
	GlobalSection(SolutionProperties) = preSolution
		HideSolutionNode = FALSE
	EndGlobalSection
	GlobalSection(NestedProjects) = preSolution
		{799ABAF5-A1D4-4FF1-9DCD-9DE6EE4C727A} = {AEE1963D-143C-43C1-8BE4-531EF48AB90C}
		{21450128-6F8F-4DA5-A83E-10678684B0D3} = {8D8830AA-6547-422E-9E23-A3FC354B99C2}
		{E78C9AA8-F268-4EC4-A51A-B4BC914C883A} = {12C9F872-CED0-4A5C-8626-715B3A3E1B31}
		{A746765C-81A0-4946-8470-EE6BBC76E9B6} = {081B6AC6-0D36-44A3-981E-F28B2CD534B1}
		{D352D6D0-A696-4DEB-A9C7-C6C4C3461991} = {8D8830AA-6547-422E-9E23-A3FC354B99C2}
		{11369AE2-5729-4CCD-96E0-86470794EB4D} = {95B185C4-EF7D-4945-94B7-A563B356CBAD}
		{5060D529-2D66-4DF2-8342-44398B56292B} = {95B185C4-EF7D-4945-94B7-A563B356CBAD}
	EndGlobalSection
	GlobalSection(ExtensibilityGlobals) = postSolution
		SolutionGuid = {7AF2FB32-7BFA-4D44-8434-829D91B74CF8}
	EndGlobalSection
EndGlobal
